
Microsoft Visual Studio Solution File, Format Version 12.00
# Visual Studio Version 17
VisualStudioVersion = 17.0.31611.283
MinimumVisualStudioVersion = 10.0.40219.1
Project("{9A19103F-16F7-4668-BE54-9A1E7A4F7556}") = "DrasticMedia", "DrasticMedia\DrasticMedia.csproj", "{2A95BA47-850B-4EF5-8E9C-337294EF6C99}"
EndProject
Project("{9A19103F-16F7-4668-BE54-9A1E7A4F7556}") = "DrasticMedia.Core", "DrasticMedia.Core\DrasticMedia.Core.csproj", "{F5DFF282-1D4D-4825-A4D9-1EDF6F2455ED}"
EndProject
Project("{9A19103F-16F7-4668-BE54-9A1E7A4F7556}") = "DrasticMedia.SQLite.Database", "DrasticMedia.SQLite.Database\DrasticMedia.SQLite.Database.csproj", "{FAC9A49A-AE9E-4405-A364-735BE116E863}"
EndProject
Project("{2150E333-8FDC-42A3-9474-1A3956D46DE8}") = "Tests", "Tests", "{106EFCD1-40F9-4FA4-904A-F2107E01A6DF}"
EndProject
Project("{9A19103F-16F7-4668-BE54-9A1E7A4F7556}") = "DrasticMedia.VLC.Tests", "Tests\DrasticMedia.VLC.Tests\DrasticMedia.VLC.Tests.csproj", "{1F278FED-B690-436D-9E4C-CC17CECA4C31}"
EndProject
Project("{9A19103F-16F7-4668-BE54-9A1E7A4F7556}") = "DrasticMedia.Controls", "DrasticMedia.Controls\DrasticMedia.Controls.csproj", "{80F749DD-C35C-4D54-B09E-B82363EA5961}"
EndProject
Project("{9A19103F-16F7-4668-BE54-9A1E7A4F7556}") = "DrasticMedia.VLC", "DrasticMedia.VLC\DrasticMedia.VLC.csproj", "{38312898-CD87-4347-86A4-05F045B9BBC0}"
EndProject
Project("{9A19103F-16F7-4668-BE54-9A1E7A4F7556}") = "DrasticMedia.VLC.App", "DrasticMedia.VLC.App\DrasticMedia.VLC.App.csproj", "{2863A9C3-5F03-4D0E-8C62-18A6483F418E}"
EndProject
Project("{2150E333-8FDC-42A3-9474-1A3956D46DE8}") = "External", "External", "{373CA089-558B-44B4-BF92-B8B3B0B8A11E}"
EndProject
Project("{9A19103F-16F7-4668-BE54-9A1E7A4F7556}") = "LibVLCSharp", "external\libvlcsharp\src\LibVLCSharp\LibVLCSharp.csproj", "{07C2CB23-F140-4350-8208-54F9D07C24FF}"
EndProject
Project("{FAE04EC0-301F-11D3-BF4B-00C04F79EFBC}") = "LibVLCSharp.Android.AWindow", "external\libvlcsharp\src\LibVLCSharp.Android.AWindow\LibVLCSharp.Android.AWindow.csproj", "{239A82A5-19A1-4382-8F9B-4A9705648017}"
EndProject
Global
	GlobalSection(SolutionConfigurationPlatforms) = preSolution
		Debug|Any CPU = Debug|Any CPU
		Release|Any CPU = Release|Any CPU
		Win32Debug|Any CPU = Win32Debug|Any CPU
		Win32Release|Any CPU = Win32Release|Any CPU
	EndGlobalSection
	GlobalSection(ProjectConfigurationPlatforms) = postSolution
		{2A95BA47-850B-4EF5-8E9C-337294EF6C99}.Debug|Any CPU.ActiveCfg = Debug|Any CPU
		{2A95BA47-850B-4EF5-8E9C-337294EF6C99}.Debug|Any CPU.Build.0 = Debug|Any CPU
		{2A95BA47-850B-4EF5-8E9C-337294EF6C99}.Debug|Any CPU.Deploy.0 = Debug|Any CPU
		{2A95BA47-850B-4EF5-8E9C-337294EF6C99}.Release|Any CPU.ActiveCfg = Release|Any CPU
		{2A95BA47-850B-4EF5-8E9C-337294EF6C99}.Release|Any CPU.Build.0 = Release|Any CPU
		{2A95BA47-850B-4EF5-8E9C-337294EF6C99}.Release|Any CPU.Deploy.0 = Release|Any CPU
		{2A95BA47-850B-4EF5-8E9C-337294EF6C99}.Win32Debug|Any CPU.ActiveCfg = Debug|Any CPU
		{2A95BA47-850B-4EF5-8E9C-337294EF6C99}.Win32Debug|Any CPU.Build.0 = Debug|Any CPU
		{2A95BA47-850B-4EF5-8E9C-337294EF6C99}.Win32Debug|Any CPU.Deploy.0 = Debug|Any CPU
		{2A95BA47-850B-4EF5-8E9C-337294EF6C99}.Win32Release|Any CPU.ActiveCfg = Release|Any CPU
		{2A95BA47-850B-4EF5-8E9C-337294EF6C99}.Win32Release|Any CPU.Build.0 = Release|Any CPU
		{2A95BA47-850B-4EF5-8E9C-337294EF6C99}.Win32Release|Any CPU.Deploy.0 = Release|Any CPU
		{F5DFF282-1D4D-4825-A4D9-1EDF6F2455ED}.Debug|Any CPU.ActiveCfg = Debug|Any CPU
		{F5DFF282-1D4D-4825-A4D9-1EDF6F2455ED}.Debug|Any CPU.Build.0 = Debug|Any CPU
		{F5DFF282-1D4D-4825-A4D9-1EDF6F2455ED}.Release|Any CPU.ActiveCfg = Release|Any CPU
		{F5DFF282-1D4D-4825-A4D9-1EDF6F2455ED}.Release|Any CPU.Build.0 = Release|Any CPU
		{F5DFF282-1D4D-4825-A4D9-1EDF6F2455ED}.Win32Debug|Any CPU.ActiveCfg = Debug|Any CPU
		{F5DFF282-1D4D-4825-A4D9-1EDF6F2455ED}.Win32Debug|Any CPU.Build.0 = Debug|Any CPU
		{F5DFF282-1D4D-4825-A4D9-1EDF6F2455ED}.Win32Release|Any CPU.ActiveCfg = Release|Any CPU
		{F5DFF282-1D4D-4825-A4D9-1EDF6F2455ED}.Win32Release|Any CPU.Build.0 = Release|Any CPU
		{FAC9A49A-AE9E-4405-A364-735BE116E863}.Debug|Any CPU.ActiveCfg = Debug|Any CPU
		{FAC9A49A-AE9E-4405-A364-735BE116E863}.Debug|Any CPU.Build.0 = Debug|Any CPU
		{FAC9A49A-AE9E-4405-A364-735BE116E863}.Release|Any CPU.ActiveCfg = Release|Any CPU
		{FAC9A49A-AE9E-4405-A364-735BE116E863}.Release|Any CPU.Build.0 = Release|Any CPU
		{FAC9A49A-AE9E-4405-A364-735BE116E863}.Win32Debug|Any CPU.ActiveCfg = Debug|Any CPU
		{FAC9A49A-AE9E-4405-A364-735BE116E863}.Win32Debug|Any CPU.Build.0 = Debug|Any CPU
		{FAC9A49A-AE9E-4405-A364-735BE116E863}.Win32Release|Any CPU.ActiveCfg = Release|Any CPU
		{FAC9A49A-AE9E-4405-A364-735BE116E863}.Win32Release|Any CPU.Build.0 = Release|Any CPU
		{1F278FED-B690-436D-9E4C-CC17CECA4C31}.Debug|Any CPU.ActiveCfg = Debug|Any CPU
		{1F278FED-B690-436D-9E4C-CC17CECA4C31}.Debug|Any CPU.Build.0 = Debug|Any CPU
		{1F278FED-B690-436D-9E4C-CC17CECA4C31}.Release|Any CPU.ActiveCfg = Release|Any CPU
		{1F278FED-B690-436D-9E4C-CC17CECA4C31}.Release|Any CPU.Build.0 = Release|Any CPU
		{1F278FED-B690-436D-9E4C-CC17CECA4C31}.Win32Debug|Any CPU.ActiveCfg = Debug|Any CPU
		{1F278FED-B690-436D-9E4C-CC17CECA4C31}.Win32Debug|Any CPU.Build.0 = Debug|Any CPU
		{1F278FED-B690-436D-9E4C-CC17CECA4C31}.Win32Release|Any CPU.ActiveCfg = Release|Any CPU
		{1F278FED-B690-436D-9E4C-CC17CECA4C31}.Win32Release|Any CPU.Build.0 = Release|Any CPU
		{80F749DD-C35C-4D54-B09E-B82363EA5961}.Debug|Any CPU.ActiveCfg = Debug|Any CPU
		{80F749DD-C35C-4D54-B09E-B82363EA5961}.Debug|Any CPU.Build.0 = Debug|Any CPU
		{80F749DD-C35C-4D54-B09E-B82363EA5961}.Release|Any CPU.ActiveCfg = Release|Any CPU
		{80F749DD-C35C-4D54-B09E-B82363EA5961}.Release|Any CPU.Build.0 = Release|Any CPU
		{80F749DD-C35C-4D54-B09E-B82363EA5961}.Win32Debug|Any CPU.ActiveCfg = Debug|Any CPU
		{80F749DD-C35C-4D54-B09E-B82363EA5961}.Win32Debug|Any CPU.Build.0 = Debug|Any CPU
		{80F749DD-C35C-4D54-B09E-B82363EA5961}.Win32Release|Any CPU.ActiveCfg = Release|Any CPU
		{80F749DD-C35C-4D54-B09E-B82363EA5961}.Win32Release|Any CPU.Build.0 = Release|Any CPU
		{38312898-CD87-4347-86A4-05F045B9BBC0}.Debug|Any CPU.ActiveCfg = Debug|Any CPU
		{38312898-CD87-4347-86A4-05F045B9BBC0}.Debug|Any CPU.Build.0 = Debug|Any CPU
		{38312898-CD87-4347-86A4-05F045B9BBC0}.Release|Any CPU.ActiveCfg = Release|Any CPU
		{38312898-CD87-4347-86A4-05F045B9BBC0}.Release|Any CPU.Build.0 = Release|Any CPU
		{38312898-CD87-4347-86A4-05F045B9BBC0}.Win32Debug|Any CPU.ActiveCfg = Debug|Any CPU
		{38312898-CD87-4347-86A4-05F045B9BBC0}.Win32Debug|Any CPU.Build.0 = Debug|Any CPU
		{38312898-CD87-4347-86A4-05F045B9BBC0}.Win32Release|Any CPU.ActiveCfg = Release|Any CPU
		{38312898-CD87-4347-86A4-05F045B9BBC0}.Win32Release|Any CPU.Build.0 = Release|Any CPU
		{2863A9C3-5F03-4D0E-8C62-18A6483F418E}.Debug|Any CPU.ActiveCfg = Debug|Any CPU
		{2863A9C3-5F03-4D0E-8C62-18A6483F418E}.Debug|Any CPU.Build.0 = Debug|Any CPU
		{2863A9C3-5F03-4D0E-8C62-18A6483F418E}.Debug|Any CPU.Deploy.0 = Debug|Any CPU
		{2863A9C3-5F03-4D0E-8C62-18A6483F418E}.Release|Any CPU.ActiveCfg = Release|Any CPU
		{2863A9C3-5F03-4D0E-8C62-18A6483F418E}.Release|Any CPU.Build.0 = Release|Any CPU
		{2863A9C3-5F03-4D0E-8C62-18A6483F418E}.Release|Any CPU.Deploy.0 = Release|Any CPU
		{2863A9C3-5F03-4D0E-8C62-18A6483F418E}.Win32Debug|Any CPU.ActiveCfg = Debug|Any CPU
		{2863A9C3-5F03-4D0E-8C62-18A6483F418E}.Win32Debug|Any CPU.Build.0 = Debug|Any CPU
		{2863A9C3-5F03-4D0E-8C62-18A6483F418E}.Win32Debug|Any CPU.Deploy.0 = Debug|Any CPU
		{2863A9C3-5F03-4D0E-8C62-18A6483F418E}.Win32Release|Any CPU.ActiveCfg = Release|Any CPU
		{2863A9C3-5F03-4D0E-8C62-18A6483F418E}.Win32Release|Any CPU.Build.0 = Release|Any CPU
		{2863A9C3-5F03-4D0E-8C62-18A6483F418E}.Win32Release|Any CPU.Deploy.0 = Release|Any CPU
		{07C2CB23-F140-4350-8208-54F9D07C24FF}.Debug|Any CPU.ActiveCfg = Debug|Any CPU
		{07C2CB23-F140-4350-8208-54F9D07C24FF}.Debug|Any CPU.Build.0 = Debug|Any CPU
		{07C2CB23-F140-4350-8208-54F9D07C24FF}.Release|Any CPU.ActiveCfg = Release|Any CPU
		{07C2CB23-F140-4350-8208-54F9D07C24FF}.Release|Any CPU.Build.0 = Release|Any CPU
		{07C2CB23-F140-4350-8208-54F9D07C24FF}.Win32Debug|Any CPU.ActiveCfg = Win32Debug|Any CPU
		{07C2CB23-F140-4350-8208-54F9D07C24FF}.Win32Debug|Any CPU.Build.0 = Win32Debug|Any CPU
		{07C2CB23-F140-4350-8208-54F9D07C24FF}.Win32Release|Any CPU.ActiveCfg = Win32Release|Any CPU
		{07C2CB23-F140-4350-8208-54F9D07C24FF}.Win32Release|Any CPU.Build.0 = Win32Release|Any CPU
		{239A82A5-19A1-4382-8F9B-4A9705648017}.Debug|Any CPU.ActiveCfg = Debug|Any CPU
		{239A82A5-19A1-4382-8F9B-4A9705648017}.Debug|Any CPU.Build.0 = Debug|Any CPU
		{239A82A5-19A1-4382-8F9B-4A9705648017}.Release|Any CPU.ActiveCfg = Release|Any CPU
		{239A82A5-19A1-4382-8F9B-4A9705648017}.Release|Any CPU.Build.0 = Release|Any CPU
		{239A82A5-19A1-4382-8F9B-4A9705648017}.Win32Debug|Any CPU.ActiveCfg = Debug|Any CPU
		{239A82A5-19A1-4382-8F9B-4A9705648017}.Win32Debug|Any CPU.Build.0 = Debug|Any CPU
		{239A82A5-19A1-4382-8F9B-4A9705648017}.Win32Release|Any CPU.ActiveCfg = Release|Any CPU
		{239A82A5-19A1-4382-8F9B-4A9705648017}.Win32Release|Any CPU.Build.0 = Release|Any CPU
	EndGlobalSection
	GlobalSection(SolutionProperties) = preSolution
		HideSolutionNode = FALSE
	EndGlobalSection
	GlobalSection(NestedProjects) = preSolution
		{1F278FED-B690-436D-9E4C-CC17CECA4C31} = {106EFCD1-40F9-4FA4-904A-F2107E01A6DF}
		{07C2CB23-F140-4350-8208-54F9D07C24FF} = {373CA089-558B-44B4-BF92-B8B3B0B8A11E}
		{239A82A5-19A1-4382-8F9B-4A9705648017} = {373CA089-558B-44B4-BF92-B8B3B0B8A11E}
	EndGlobalSection
	GlobalSection(ExtensibilityGlobals) = postSolution
		SolutionGuid = {61F7FB11-1E47-470C-91E2-47F8143E1572}
	EndGlobalSection
EndGlobal
