
Microsoft Visual Studio Solution File, Format Version 12.00
# Visual Studio Version 17
VisualStudioVersion = 17.1.31911.260
MinimumVisualStudioVersion = 10.0.40219.1
Project("{9A19103F-16F7-4668-BE54-9A1E7A4F7556}") = "DrasticMedia.Core", "DrasticMedia.Core\DrasticMedia.Core.csproj", "{9AE41E25-463F-48FA-8950-993A4A15E42D}"
EndProject
Project("{9A19103F-16F7-4668-BE54-9A1E7A4F7556}") = "DrasticMedia.Native", "DrasticMedia.Native\DrasticMedia.Native.csproj", "{58C9117E-ABF7-4083-B5BB-C1CBACDB5F04}"
EndProject
Project("{9A19103F-16F7-4668-BE54-9A1E7A4F7556}") = "DrasticMedia.SQLite.Database", "DrasticMedia.SQLite.Database\DrasticMedia.SQLite.Database.csproj", "{D87DC275-B84A-4937-8458-A4B56A09917B}"
EndProject
Project("{9A19103F-16F7-4668-BE54-9A1E7A4F7556}") = "DrasticMedia.Native.Test", "DrasticMedia.Test\DrasticMedia.Native.Test\DrasticMedia.Native.Test.csproj", "{3DB0ECB5-22B1-4134-B507-94376D58439B}"
EndProject
Project("{2150E333-8FDC-42A3-9474-1A3956D46DE8}") = "Tests", "Tests", "{7C94ED47-C8C3-4AAD-8EE4-FF05E3325AA5}"
EndProject
Project("{9A19103F-16F7-4668-BE54-9A1E7A4F7556}") = "DrasticMedia.SQLite.Native.Test", "DrasticMedia.Test\DrasticMedia.SQLite.Native.Test\DrasticMedia.SQLite.Native.Test.csproj", "{A6B5EF17-C3A8-470B-93D4-05C3FF85E48C}"
EndProject
Project("{9A19103F-16F7-4668-BE54-9A1E7A4F7556}") = "DrasticMedia.SQLite.Test", "DrasticMedia.Test\DrasticMedia.SQLite.Test\DrasticMedia.SQLite.Test.csproj", "{48FF1BEF-1279-4092-9923-699372C028F6}"
EndProject
Project("{2150E333-8FDC-42A3-9474-1A3956D46DE8}") = "Database", "Database", "{4C4DC650-C59F-4225-B90F-4CEF124AA7BE}"
EndProject
Project("{2150E333-8FDC-42A3-9474-1A3956D46DE8}") = "External", "External", "{A6AC59EA-B60F-4020-A901-BA2C5A345A8A}"
EndProject
Project("{9A19103F-16F7-4668-BE54-9A1E7A4F7556}") = "DrasticMedia.Metadata.Test", "DrasticMedia.Test\DrasticMedia.Metadata.Test\DrasticMedia.Metadata.Test.csproj", "{E817E3BC-6344-48DA-B3A1-6F9A9AFF9B38}"
EndProject
Project("{9A19103F-16F7-4668-BE54-9A1E7A4F7556}") = "DrasticMedia.VLC", "DrasticMedia.VLC\DrasticMedia.VLC.csproj", "{CEC1F32B-72FC-4E7C-88DA-C51DFFE52115}"
EndProject
Project("{9A19103F-16F7-4668-BE54-9A1E7A4F7556}") = "Hqub.Lastfm", "..\external\lastfm\src\Hqub.Lastfm\Hqub.Lastfm.csproj", "{C90EC2CC-8474-4B80-BC1A-7443C5822AB7}"
EndProject
Project("{9A19103F-16F7-4668-BE54-9A1E7A4F7556}") = "DrasticMedia.FFMpeg", "DrasticMedia.FFMpeg\DrasticMedia.FFMpeg.csproj", "{2F0F4B5C-8C86-4A69-B3FA-029BFF154404}"
EndProject
Project("{9A19103F-16F7-4668-BE54-9A1E7A4F7556}") = "DrasticMedia.Metadata.LastFM", "DrasticMedia.Metadata.LastFM\DrasticMedia.Metadata.LastFM.csproj", "{C882BE04-5B3E-4964-AEC1-AB330C0FC3DE}"
EndProject
Project("{9A19103F-16F7-4668-BE54-9A1E7A4F7556}") = "DrasticMedia.Metadata.Spotify", "DrasticMedia.Metadata.Spotify\DrasticMedia.Metadata.Spotify.csproj", "{33220702-8C64-40B6-B7C9-5B1CA550CA4C}"
EndProject
Project("{9A19103F-16F7-4668-BE54-9A1E7A4F7556}") = "DrasticMedia.Podcast", "DrasticMedia.Podcast\DrasticMedia.Podcast.csproj", "{2CA2DF72-C683-4D32-B656-83EBEAD7AAF7}"
EndProject
Project("{9A19103F-16F7-4668-BE54-9A1E7A4F7556}") = "DrasticMedia.Library.Audio", "DrasticMedia.Library.Audio\DrasticMedia.Library.Audio.csproj", "{3FC9D454-7A0B-467F-9E97-C209B1727F6C}"
EndProject
Project("{9A19103F-16F7-4668-BE54-9A1E7A4F7556}") = "DrasticMedia.Library.Video", "DrasticMedia.Library.Video\DrasticMedia.Library.Video.csproj", "{42B03FBB-E0D2-4FE6-B4D1-534A9AFE9274}"
EndProject
Project("{2150E333-8FDC-42A3-9474-1A3956D46DE8}") = "Metadata", "Metadata", "{C828884C-2EF7-451A-B92C-C699C956176B}"
EndProject
Project("{2150E333-8FDC-42A3-9474-1A3956D46DE8}") = "Parsers", "Parsers", "{7A6E9D52-E0A3-4FC7-9BBF-A756BA58FB1D}"
EndProject
Project("{2150E333-8FDC-42A3-9474-1A3956D46DE8}") = "Library", "Library", "{4EA559DA-1007-43C3-BE13-98BF7B79A727}"
EndProject
Project("{9A19103F-16F7-4668-BE54-9A1E7A4F7556}") = "DrasticMedia.Metadata.Deezer", "DrasticMedia.Metadata.Deezer\DrasticMedia.Metadata.Deezer.csproj", "{492C80B1-0536-4437-9653-6F7088CED55D}"
EndProject
Project("{9A19103F-16F7-4668-BE54-9A1E7A4F7556}") = "DrasticMedia.Metadata.AppleMusic", "DrasticMedia.Metadata.AppleMusic\DrasticMedia.Metadata.AppleMusic.csproj", "{89F73FAA-25F2-473D-9DB4-45B1B2245416}"
EndProject
Project("{9A19103F-16F7-4668-BE54-9A1E7A4F7556}") = "AppleMusicAPI.NET.Models", "..\external\apple\src\AppleMusicAPI.NET.Models\AppleMusicAPI.NET.Models.csproj", "{CBE04095-2377-4B63-A21C-ABBDF5E90146}"
EndProject
Project("{9A19103F-16F7-4668-BE54-9A1E7A4F7556}") = "AppleMusicAPI.NET", "..\external\apple\src\AppleMusicAPI.NET\AppleMusicAPI.NET.csproj", "{B35F25A8-633F-4146-87CC-E9229AE2321F}"
EndProject
Global
	GlobalSection(SolutionConfigurationPlatforms) = preSolution
		Debug|Any CPU = Debug|Any CPU
		Release|Any CPU = Release|Any CPU
	EndGlobalSection
	GlobalSection(ProjectConfigurationPlatforms) = postSolution
		{9AE41E25-463F-48FA-8950-993A4A15E42D}.Debug|Any CPU.ActiveCfg = Debug|Any CPU
		{9AE41E25-463F-48FA-8950-993A4A15E42D}.Debug|Any CPU.Build.0 = Debug|Any CPU
		{9AE41E25-463F-48FA-8950-993A4A15E42D}.Release|Any CPU.ActiveCfg = Release|Any CPU
		{9AE41E25-463F-48FA-8950-993A4A15E42D}.Release|Any CPU.Build.0 = Release|Any CPU
		{58C9117E-ABF7-4083-B5BB-C1CBACDB5F04}.Debug|Any CPU.ActiveCfg = Debug|Any CPU
		{58C9117E-ABF7-4083-B5BB-C1CBACDB5F04}.Debug|Any CPU.Build.0 = Debug|Any CPU
		{58C9117E-ABF7-4083-B5BB-C1CBACDB5F04}.Release|Any CPU.ActiveCfg = Release|Any CPU
		{58C9117E-ABF7-4083-B5BB-C1CBACDB5F04}.Release|Any CPU.Build.0 = Release|Any CPU
		{D87DC275-B84A-4937-8458-A4B56A09917B}.Debug|Any CPU.ActiveCfg = Debug|Any CPU
		{D87DC275-B84A-4937-8458-A4B56A09917B}.Debug|Any CPU.Build.0 = Debug|Any CPU
		{D87DC275-B84A-4937-8458-A4B56A09917B}.Release|Any CPU.ActiveCfg = Release|Any CPU
		{D87DC275-B84A-4937-8458-A4B56A09917B}.Release|Any CPU.Build.0 = Release|Any CPU
		{3DB0ECB5-22B1-4134-B507-94376D58439B}.Debug|Any CPU.ActiveCfg = Debug|Any CPU
		{3DB0ECB5-22B1-4134-B507-94376D58439B}.Debug|Any CPU.Build.0 = Debug|Any CPU
		{3DB0ECB5-22B1-4134-B507-94376D58439B}.Release|Any CPU.ActiveCfg = Release|Any CPU
		{3DB0ECB5-22B1-4134-B507-94376D58439B}.Release|Any CPU.Build.0 = Release|Any CPU
		{A6B5EF17-C3A8-470B-93D4-05C3FF85E48C}.Debug|Any CPU.ActiveCfg = Debug|Any CPU
		{A6B5EF17-C3A8-470B-93D4-05C3FF85E48C}.Debug|Any CPU.Build.0 = Debug|Any CPU
		{A6B5EF17-C3A8-470B-93D4-05C3FF85E48C}.Release|Any CPU.ActiveCfg = Release|Any CPU
		{A6B5EF17-C3A8-470B-93D4-05C3FF85E48C}.Release|Any CPU.Build.0 = Release|Any CPU
		{48FF1BEF-1279-4092-9923-699372C028F6}.Debug|Any CPU.ActiveCfg = Debug|Any CPU
		{48FF1BEF-1279-4092-9923-699372C028F6}.Debug|Any CPU.Build.0 = Debug|Any CPU
		{48FF1BEF-1279-4092-9923-699372C028F6}.Release|Any CPU.ActiveCfg = Release|Any CPU
		{48FF1BEF-1279-4092-9923-699372C028F6}.Release|Any CPU.Build.0 = Release|Any CPU
		{E817E3BC-6344-48DA-B3A1-6F9A9AFF9B38}.Debug|Any CPU.ActiveCfg = Debug|Any CPU
		{E817E3BC-6344-48DA-B3A1-6F9A9AFF9B38}.Debug|Any CPU.Build.0 = Debug|Any CPU
		{E817E3BC-6344-48DA-B3A1-6F9A9AFF9B38}.Release|Any CPU.ActiveCfg = Release|Any CPU
		{E817E3BC-6344-48DA-B3A1-6F9A9AFF9B38}.Release|Any CPU.Build.0 = Release|Any CPU
		{CEC1F32B-72FC-4E7C-88DA-C51DFFE52115}.Debug|Any CPU.ActiveCfg = Debug|Any CPU
		{CEC1F32B-72FC-4E7C-88DA-C51DFFE52115}.Debug|Any CPU.Build.0 = Debug|Any CPU
		{CEC1F32B-72FC-4E7C-88DA-C51DFFE52115}.Release|Any CPU.ActiveCfg = Release|Any CPU
		{CEC1F32B-72FC-4E7C-88DA-C51DFFE52115}.Release|Any CPU.Build.0 = Release|Any CPU
		{C90EC2CC-8474-4B80-BC1A-7443C5822AB7}.Debug|Any CPU.ActiveCfg = Debug|Any CPU
		{C90EC2CC-8474-4B80-BC1A-7443C5822AB7}.Debug|Any CPU.Build.0 = Debug|Any CPU
		{C90EC2CC-8474-4B80-BC1A-7443C5822AB7}.Release|Any CPU.ActiveCfg = Release|Any CPU
		{C90EC2CC-8474-4B80-BC1A-7443C5822AB7}.Release|Any CPU.Build.0 = Release|Any CPU
		{2F0F4B5C-8C86-4A69-B3FA-029BFF154404}.Debug|Any CPU.ActiveCfg = Debug|Any CPU
		{2F0F4B5C-8C86-4A69-B3FA-029BFF154404}.Debug|Any CPU.Build.0 = Debug|Any CPU
		{2F0F4B5C-8C86-4A69-B3FA-029BFF154404}.Release|Any CPU.ActiveCfg = Release|Any CPU
		{2F0F4B5C-8C86-4A69-B3FA-029BFF154404}.Release|Any CPU.Build.0 = Release|Any CPU
		{C882BE04-5B3E-4964-AEC1-AB330C0FC3DE}.Debug|Any CPU.ActiveCfg = Debug|Any CPU
		{C882BE04-5B3E-4964-AEC1-AB330C0FC3DE}.Debug|Any CPU.Build.0 = Debug|Any CPU
		{C882BE04-5B3E-4964-AEC1-AB330C0FC3DE}.Release|Any CPU.ActiveCfg = Release|Any CPU
		{C882BE04-5B3E-4964-AEC1-AB330C0FC3DE}.Release|Any CPU.Build.0 = Release|Any CPU
		{33220702-8C64-40B6-B7C9-5B1CA550CA4C}.Debug|Any CPU.ActiveCfg = Debug|Any CPU
		{33220702-8C64-40B6-B7C9-5B1CA550CA4C}.Debug|Any CPU.Build.0 = Debug|Any CPU
		{33220702-8C64-40B6-B7C9-5B1CA550CA4C}.Release|Any CPU.ActiveCfg = Release|Any CPU
		{33220702-8C64-40B6-B7C9-5B1CA550CA4C}.Release|Any CPU.Build.0 = Release|Any CPU
		{2CA2DF72-C683-4D32-B656-83EBEAD7AAF7}.Debug|Any CPU.ActiveCfg = Debug|Any CPU
		{2CA2DF72-C683-4D32-B656-83EBEAD7AAF7}.Debug|Any CPU.Build.0 = Debug|Any CPU
		{2CA2DF72-C683-4D32-B656-83EBEAD7AAF7}.Release|Any CPU.ActiveCfg = Release|Any CPU
		{2CA2DF72-C683-4D32-B656-83EBEAD7AAF7}.Release|Any CPU.Build.0 = Release|Any CPU
		{3FC9D454-7A0B-467F-9E97-C209B1727F6C}.Debug|Any CPU.ActiveCfg = Debug|Any CPU
		{3FC9D454-7A0B-467F-9E97-C209B1727F6C}.Debug|Any CPU.Build.0 = Debug|Any CPU
		{3FC9D454-7A0B-467F-9E97-C209B1727F6C}.Release|Any CPU.ActiveCfg = Release|Any CPU
		{3FC9D454-7A0B-467F-9E97-C209B1727F6C}.Release|Any CPU.Build.0 = Release|Any CPU
		{42B03FBB-E0D2-4FE6-B4D1-534A9AFE9274}.Debug|Any CPU.ActiveCfg = Debug|Any CPU
		{42B03FBB-E0D2-4FE6-B4D1-534A9AFE9274}.Debug|Any CPU.Build.0 = Debug|Any CPU
		{42B03FBB-E0D2-4FE6-B4D1-534A9AFE9274}.Release|Any CPU.ActiveCfg = Release|Any CPU
		{42B03FBB-E0D2-4FE6-B4D1-534A9AFE9274}.Release|Any CPU.Build.0 = Release|Any CPU
		{492C80B1-0536-4437-9653-6F7088CED55D}.Debug|Any CPU.ActiveCfg = Debug|Any CPU
		{492C80B1-0536-4437-9653-6F7088CED55D}.Debug|Any CPU.Build.0 = Debug|Any CPU
		{492C80B1-0536-4437-9653-6F7088CED55D}.Release|Any CPU.ActiveCfg = Release|Any CPU
		{492C80B1-0536-4437-9653-6F7088CED55D}.Release|Any CPU.Build.0 = Release|Any CPU
		{89F73FAA-25F2-473D-9DB4-45B1B2245416}.Debug|Any CPU.ActiveCfg = Debug|Any CPU
		{89F73FAA-25F2-473D-9DB4-45B1B2245416}.Debug|Any CPU.Build.0 = Debug|Any CPU
		{89F73FAA-25F2-473D-9DB4-45B1B2245416}.Release|Any CPU.ActiveCfg = Release|Any CPU
		{89F73FAA-25F2-473D-9DB4-45B1B2245416}.Release|Any CPU.Build.0 = Release|Any CPU
		{CBE04095-2377-4B63-A21C-ABBDF5E90146}.Debug|Any CPU.ActiveCfg = Debug|Any CPU
		{CBE04095-2377-4B63-A21C-ABBDF5E90146}.Debug|Any CPU.Build.0 = Debug|Any CPU
		{CBE04095-2377-4B63-A21C-ABBDF5E90146}.Release|Any CPU.ActiveCfg = Release|Any CPU
		{CBE04095-2377-4B63-A21C-ABBDF5E90146}.Release|Any CPU.Build.0 = Release|Any CPU
		{B35F25A8-633F-4146-87CC-E9229AE2321F}.Debug|Any CPU.ActiveCfg = Debug|Any CPU
		{B35F25A8-633F-4146-87CC-E9229AE2321F}.Debug|Any CPU.Build.0 = Debug|Any CPU
		{B35F25A8-633F-4146-87CC-E9229AE2321F}.Release|Any CPU.ActiveCfg = Release|Any CPU
		{B35F25A8-633F-4146-87CC-E9229AE2321F}.Release|Any CPU.Build.0 = Release|Any CPU
	EndGlobalSection
	GlobalSection(SolutionProperties) = preSolution
		HideSolutionNode = FALSE
	EndGlobalSection
	GlobalSection(NestedProjects) = preSolution
		{58C9117E-ABF7-4083-B5BB-C1CBACDB5F04} = {7A6E9D52-E0A3-4FC7-9BBF-A756BA58FB1D}
		{D87DC275-B84A-4937-8458-A4B56A09917B} = {4C4DC650-C59F-4225-B90F-4CEF124AA7BE}
		{3DB0ECB5-22B1-4134-B507-94376D58439B} = {7C94ED47-C8C3-4AAD-8EE4-FF05E3325AA5}
		{A6B5EF17-C3A8-470B-93D4-05C3FF85E48C} = {7C94ED47-C8C3-4AAD-8EE4-FF05E3325AA5}
		{48FF1BEF-1279-4092-9923-699372C028F6} = {7C94ED47-C8C3-4AAD-8EE4-FF05E3325AA5}
		{E817E3BC-6344-48DA-B3A1-6F9A9AFF9B38} = {7C94ED47-C8C3-4AAD-8EE4-FF05E3325AA5}
		{CEC1F32B-72FC-4E7C-88DA-C51DFFE52115} = {7A6E9D52-E0A3-4FC7-9BBF-A756BA58FB1D}
		{C90EC2CC-8474-4B80-BC1A-7443C5822AB7} = {A6AC59EA-B60F-4020-A901-BA2C5A345A8A}
		{2F0F4B5C-8C86-4A69-B3FA-029BFF154404} = {7A6E9D52-E0A3-4FC7-9BBF-A756BA58FB1D}
		{C882BE04-5B3E-4964-AEC1-AB330C0FC3DE} = {C828884C-2EF7-451A-B92C-C699C956176B}
		{33220702-8C64-40B6-B7C9-5B1CA550CA4C} = {C828884C-2EF7-451A-B92C-C699C956176B}
		{2CA2DF72-C683-4D32-B656-83EBEAD7AAF7} = {4EA559DA-1007-43C3-BE13-98BF7B79A727}
		{3FC9D454-7A0B-467F-9E97-C209B1727F6C} = {4EA559DA-1007-43C3-BE13-98BF7B79A727}
		{42B03FBB-E0D2-4FE6-B4D1-534A9AFE9274} = {4EA559DA-1007-43C3-BE13-98BF7B79A727}
		{492C80B1-0536-4437-9653-6F7088CED55D} = {C828884C-2EF7-451A-B92C-C699C956176B}
		{89F73FAA-25F2-473D-9DB4-45B1B2245416} = {C828884C-2EF7-451A-B92C-C699C956176B}
		{CBE04095-2377-4B63-A21C-ABBDF5E90146} = {A6AC59EA-B60F-4020-A901-BA2C5A345A8A}
		{B35F25A8-633F-4146-87CC-E9229AE2321F} = {A6AC59EA-B60F-4020-A901-BA2C5A345A8A}
	EndGlobalSection
	GlobalSection(ExtensibilityGlobals) = postSolution
		SolutionGuid = {02861446-20CB-4458-9CEC-F6E3333942C0}
	EndGlobalSection
EndGlobal
